
Microsoft Visual Studio Solution File, Format Version 11.00
# Visual Studio 2010
Project("{FAE04EC0-301F-11D3-BF4B-00C04F79EFBC}") = "Honcho", "Honcho\Honcho.csproj", "{B320B947-71A6-4EBF-B56B-670FF1F45655}"
EndProject
Project("{FAE04EC0-301F-11D3-BF4B-00C04F79EFBC}") = "Honcho.Tests", "Honcho.Tests\Honcho.Tests.csproj", "{EFEF93D2-EDE7-421C-B6EC-F1F77B410A64}"
EndProject
Project("{FAE04EC0-301F-11D3-BF4B-00C04F79EFBC}") = "Honcho.Migrations", "Honcho.Migrations\Honcho.Migrations.csproj", "{39B0BC3A-9E02-4F22-88A0-927E83CC3125}"
EndProject
Project("{FAE04EC0-301F-11D3-BF4B-00C04F79EFBC}") = "Honcho.CodeGenerators", "Honcho.CodeGenerators\Honcho.CodeGenerators.csproj", "{0D58F4C8-43DB-4572-BD7E-46A8AB845547}"
EndProject
Global
	GlobalSection(SolutionConfigurationPlatforms) = preSolution
		Debug|Any CPU = Debug|Any CPU
		Debug|Mixed Platforms = Debug|Mixed Platforms
		Debug|x86 = Debug|x86
		Release|Any CPU = Release|Any CPU
		Release|Mixed Platforms = Release|Mixed Platforms
		Release|x86 = Release|x86
	EndGlobalSection
	GlobalSection(ProjectConfigurationPlatforms) = postSolution
		{B320B947-71A6-4EBF-B56B-670FF1F45655}.Debug|Any CPU.ActiveCfg = Debug|x86
		{B320B947-71A6-4EBF-B56B-670FF1F45655}.Debug|Mixed Platforms.ActiveCfg = Debug|x86
		{B320B947-71A6-4EBF-B56B-670FF1F45655}.Debug|Mixed Platforms.Build.0 = Debug|x86
		{B320B947-71A6-4EBF-B56B-670FF1F45655}.Debug|x86.ActiveCfg = Debug|x86
		{B320B947-71A6-4EBF-B56B-670FF1F45655}.Debug|x86.Build.0 = Debug|x86
		{B320B947-71A6-4EBF-B56B-670FF1F45655}.Release|Any CPU.ActiveCfg = Release|x86
		{B320B947-71A6-4EBF-B56B-670FF1F45655}.Release|Mixed Platforms.ActiveCfg = Release|x86
		{B320B947-71A6-4EBF-B56B-670FF1F45655}.Release|Mixed Platforms.Build.0 = Release|x86
		{B320B947-71A6-4EBF-B56B-670FF1F45655}.Release|x86.ActiveCfg = Release|x86
		{B320B947-71A6-4EBF-B56B-670FF1F45655}.Release|x86.Build.0 = Release|x86
		{EFEF93D2-EDE7-421C-B6EC-F1F77B410A64}.Debug|Any CPU.ActiveCfg = Debug|Any CPU
		{EFEF93D2-EDE7-421C-B6EC-F1F77B410A64}.Debug|Any CPU.Build.0 = Debug|Any CPU
		{EFEF93D2-EDE7-421C-B6EC-F1F77B410A64}.Debug|Mixed Platforms.ActiveCfg = Debug|Any CPU
		{EFEF93D2-EDE7-421C-B6EC-F1F77B410A64}.Debug|Mixed Platforms.Build.0 = Debug|Any CPU
		{EFEF93D2-EDE7-421C-B6EC-F1F77B410A64}.Debug|x86.ActiveCfg = Debug|Any CPU
		{EFEF93D2-EDE7-421C-B6EC-F1F77B410A64}.Release|Any CPU.ActiveCfg = Release|Any CPU
		{EFEF93D2-EDE7-421C-B6EC-F1F77B410A64}.Release|Any CPU.Build.0 = Release|Any CPU
		{EFEF93D2-EDE7-421C-B6EC-F1F77B410A64}.Release|Mixed Platforms.ActiveCfg = Release|Any CPU
		{EFEF93D2-EDE7-421C-B6EC-F1F77B410A64}.Release|Mixed Platforms.Build.0 = Release|Any CPU
		{EFEF93D2-EDE7-421C-B6EC-F1F77B410A64}.Release|x86.ActiveCfg = Release|Any CPU
		{39B0BC3A-9E02-4F22-88A0-927E83CC3125}.Debug|Any CPU.ActiveCfg = Debug|Any CPU
		{39B0BC3A-9E02-4F22-88A0-927E83CC3125}.Debug|Any CPU.Build.0 = Debug|Any CPU
		{39B0BC3A-9E02-4F22-88A0-927E83CC3125}.Debug|Mixed Platforms.ActiveCfg = Debug|Any CPU
		{39B0BC3A-9E02-4F22-88A0-927E83CC3125}.Debug|Mixed Platforms.Build.0 = Debug|Any CPU
		{39B0BC3A-9E02-4F22-88A0-927E83CC3125}.Debug|x86.ActiveCfg = Debug|Any CPU
		{39B0BC3A-9E02-4F22-88A0-927E83CC3125}.Release|Any CPU.ActiveCfg = Release|Any CPU
		{39B0BC3A-9E02-4F22-88A0-927E83CC3125}.Release|Any CPU.Build.0 = Release|Any CPU
		{39B0BC3A-9E02-4F22-88A0-927E83CC3125}.Release|Mixed Platforms.ActiveCfg = Release|Any CPU
		{39B0BC3A-9E02-4F22-88A0-927E83CC3125}.Release|Mixed Platforms.Build.0 = Release|Any CPU
		{39B0BC3A-9E02-4F22-88A0-927E83CC3125}.Release|x86.ActiveCfg = Release|Any CPU
		{0D58F4C8-43DB-4572-BD7E-46A8AB845547}.Debug|Any CPU.ActiveCfg = Debug|Any CPU
		{0D58F4C8-43DB-4572-BD7E-46A8AB845547}.Debug|Any CPU.Build.0 = Debug|Any CPU
		{0D58F4C8-43DB-4572-BD7E-46A8AB845547}.Debug|Mixed Platforms.ActiveCfg = Debug|Any CPU
		{0D58F4C8-43DB-4572-BD7E-46A8AB845547}.Debug|Mixed Platforms.Build.0 = Debug|Any CPU
		{0D58F4C8-43DB-4572-BD7E-46A8AB845547}.Debug|x86.ActiveCfg = Debug|Any CPU
		{0D58F4C8-43DB-4572-BD7E-46A8AB845547}.Release|Any CPU.ActiveCfg = Release|Any CPU
		{0D58F4C8-43DB-4572-BD7E-46A8AB845547}.Release|Any CPU.Build.0 = Release|Any CPU
		{0D58F4C8-43DB-4572-BD7E-46A8AB845547}.Release|Mixed Platforms.ActiveCfg = Release|Any CPU
		{0D58F4C8-43DB-4572-BD7E-46A8AB845547}.Release|Mixed Platforms.Build.0 = Release|Any CPU
		{0D58F4C8-43DB-4572-BD7E-46A8AB845547}.Release|x86.ActiveCfg = Release|Any CPU
	EndGlobalSection
	GlobalSection(SolutionProperties) = preSolution
		HideSolutionNode = FALSE
	EndGlobalSection
EndGlobal
